{
  "pins" : [
    {
      "identity" : "swiftmath",
      "kind" : "remoteSourceControl",
      "location" : "https://github.com/mgriebling/SwiftMath.git",
      "state" : {
        "revision" : "5e908431df4bb7ea2f2312d0effca62c27dce1f5",
        "version" : "1.1.12"
      }
    }
  ],
  "version" : 2
}
