// !$*UTF8*$!
{
	archiveVersion = 1;
	classes = {
	};
	objectVersion = 56;
	objects = {

/* Begin PBXBuildFile section */
		4705289E2CB17CFD00018B50 /* SwiftMath in Frameworks */ = {isa = PBXBuildFile; productRef = 4705289D2CB17CFD00018B50 /* SwiftMath */; };
		470528A72CB1934800018B50 /* SwiftMath in Frameworks */ = {isa = PBXBuildFile; productRef = 470528A62CB1934800018B50 /* SwiftMath */; };
		470528AA2CB1938300018B50 /* SwiftMath in Frameworks */ = {isa = PBXBuildFile; productRef = 470528A92CB1938300018B50 /* SwiftMath */; };
		470528AD2CB193F400018B50 /* SwiftMath in Frameworks */ = {isa = PBXBuildFile; productRef = 470528AC2CB193F400018B50 /* SwiftMath */; };
		470528B02CB1944000018B50 /* SwiftMath in Frameworks */ = {isa = PBXBuildFile; productRef = 470528AF2CB1944000018B50 /* SwiftMath */; };
		470528B62CB1A89A00018B50 /* SwiftMath in Frameworks */ = {isa = PBXBuildFile; productRef = 470528B52CB1A89A00018B50 /* SwiftMath */; };
		470528B92CB1B01C00018B50 /* SwiftMath in Frameworks */ = {isa = PBXBuildFile; productRef = 470528B82CB1B01C00018B50 /* SwiftMath */; };
		479B9A132979F0730029C406 /* README.md in Resources */ = {isa = PBXBuildFile; fileRef = 479B9A122979F0730029C406 /* README.md */; };
		479B9A152979F0910029C406 /* iPad.png in Resources */ = {isa = PBXBuildFile; fileRef = 479B9A142979F0910029C406 /* iPad.png */; };
		479B9A182979F0C00029C406 /* iMac.png in Resources */ = {isa = PBXBuildFile; fileRef = 479B9A172979F0C00029C406 /* iMac.png */; };
		479B9A1A2979F3330029C406 /* iPhone.png in Resources */ = {isa = PBXBuildFile; fileRef = 479B9A192979F3330029C406 /* iPhone.png */; };
		47D14F27297898C00072F28E /* SwiftMathDemoApp.swift in Sources */ = {isa = PBXBuildFile; fileRef = 47D14F26297898C00072F28E /* SwiftMathDemoApp.swift */; };
		47D14F29297898C00072F28E /* ContentView.swift in Sources */ = {isa = PBXBuildFile; fileRef = 47D14F28297898C00072F28E /* ContentView.swift */; };
		47D14F2B297898C10072F28E /* Assets.xcassets in Resources */ = {isa = PBXBuildFile; fileRef = 47D14F2A297898C10072F28E /* Assets.xcassets */; };
		47D14F2F297898C10072F28E /* Preview Assets.xcassets in Resources */ = {isa = PBXBuildFile; fileRef = 47D14F2E297898C10072F28E /* Preview Assets.xcassets */; };
		47D14F362978994D0072F28E /* MathView.swift in Sources */ = {isa = PBXBuildFile; fileRef = 47D14F352978994D0072F28E /* MathView.swift */; };
/* End PBXBuildFile section */

/* Begin PBXFileReference section */
		479B9A122979F0730029C406 /* README.md */ = {isa = PBXFileReference; fileEncoding = 4; lastKnownFileType = net.daringfireball.markdown; name = README.md; path = ../README.md; sourceTree = "<group>"; };
		479B9A142979F0910029C406 /* iPad.png */ = {isa = PBXFileReference; lastKnownFileType = image.png; path = iPad.png; sourceTree = "<group>"; };
		479B9A172979F0C00029C406 /* iMac.png */ = {isa = PBXFileReference; lastKnownFileType = image.png; path = iMac.png; sourceTree = "<group>"; };
		479B9A192979F3330029C406 /* iPhone.png */ = {isa = PBXFileReference; lastKnownFileType = image.png; path = iPhone.png; sourceTree = "<group>"; };
		47D14F23297898C00072F28E /* SwiftMathDemo.app */ = {isa = PBXFileReference; explicitFileType = wrapper.application; includeInIndex = 0; path = SwiftMathDemo.app; sourceTree = BUILT_PRODUCTS_DIR; };
		47D14F26297898C00072F28E /* SwiftMathDemoApp.swift */ = {isa = PBXFileReference; lastKnownFileType = sourcecode.swift; path = SwiftMathDemoApp.swift; sourceTree = "<group>"; };
		47D14F28297898C00072F28E /* ContentView.swift */ = {isa = PBXFileReference; lastKnownFileType = sourcecode.swift; path = ContentView.swift; sourceTree = "<group>"; };
		47D14F2A297898C10072F28E /* Assets.xcassets */ = {isa = PBXFileReference; lastKnownFileType = folder.assetcatalog; path = Assets.xcassets; sourceTree = "<group>"; };
		47D14F2C297898C10072F28E /* SwiftMathDemo.entitlements */ = {isa = PBXFileReference; lastKnownFileType = text.plist.entitlements; path = SwiftMathDemo.entitlements; sourceTree = "<group>"; };
		47D14F2E297898C10072F28E /* Preview Assets.xcassets */ = {isa = PBXFileReference; lastKnownFileType = folder.assetcatalog; path = "Preview Assets.xcassets"; sourceTree = "<group>"; };
		47D14F352978994D0072F28E /* MathView.swift */ = {isa = PBXFileReference; fileEncoding = 4; lastKnownFileType = sourcecode.swift; path = MathView.swift; sourceTree = "<group>"; };
/* End PBXFileReference section */

/* Begin PBXFrameworksBuildPhase section */
		47D14F20297898C00072F28E /* Frameworks */ = {
			isa = PBXFrameworksBuildPhase;
			buildActionMask = 2147483647;
			files = (
				470528AD2CB193F400018B50 /* SwiftMath in Frameworks */,
				470528A72CB1934800018B50 /* SwiftMath in Frameworks */,
				470528B62CB1A89A00018B50 /* SwiftMath in Frameworks */,
				470528B02CB1944000018B50 /* SwiftMath in Frameworks */,
				4705289E2CB17CFD00018B50 /* SwiftMath in Frameworks */,
				470528AA2CB1938300018B50 /* SwiftMath in Frameworks */,
				470528B92CB1B01C00018B50 /* SwiftMath in Frameworks */,
			);
			runOnlyForDeploymentPostprocessing = 0;
		};
/* End PBXFrameworksBuildPhase section */

/* Begin PBXGroup section */
		479B9A162979F09D0029C406 /* images */ = {
			isa = PBXGroup;
			children = (
				479B9A192979F3330029C406 /* iPhone.png */,
				479B9A172979F0C00029C406 /* iMac.png */,
				479B9A142979F0910029C406 /* iPad.png */,
			);
			name = images;
			path = ../images;
			sourceTree = "<group>";
		};
		47D14F1A297898C00072F28E = {
			isa = PBXGroup;
			children = (
				47D14F25297898C00072F28E /* SwiftMathDemo */,
				47D14F24297898C00072F28E /* Products */,
			);
			sourceTree = "<group>";
		};
		47D14F24297898C00072F28E /* Products */ = {
			isa = PBXGroup;
			children = (
				47D14F23297898C00072F28E /* SwiftMathDemo.app */,
			);
			name = Products;
			sourceTree = "<group>";
		};
		47D14F25297898C00072F28E /* SwiftMathDemo */ = {
			isa = PBXGroup;
			children = (
				479B9A122979F0730029C406 /* README.md */,
				479B9A162979F09D0029C406 /* images */,
				47D14F26297898C00072F28E /* SwiftMathDemoApp.swift */,
				47D14F28297898C00072F28E /* ContentView.swift */,
				47D14F352978994D0072F28E /* MathView.swift */,
				47D14F2A297898C10072F28E /* Assets.xcassets */,
				47D14F2C297898C10072F28E /* SwiftMathDemo.entitlements */,
				47D14F2D297898C10072F28E /* Preview Content */,
			);
			path = SwiftMathDemo;
			sourceTree = "<group>";
		};
		47D14F2D297898C10072F28E /* Preview Content */ = {
			isa = PBXGroup;
			children = (
				47D14F2E297898C10072F28E /* Preview Assets.xcassets */,
			);
			path = "Preview Content";
			sourceTree = "<group>";
		};
/* End PBXGroup section */

/* Begin PBXNativeTarget section */
		47D14F22297898C00072F28E /* SwiftMathDemo */ = {
			isa = PBXNativeTarget;
			buildConfigurationList = 47D14F32297898C10072F28E /* Build configuration list for PBXNativeTarget "SwiftMathDemo" */;
			buildPhases = (
				47D14F1F297898C00072F28E /* Sources */,
				47D14F20297898C00072F28E /* Frameworks */,
				47D14F21297898C00072F28E /* Resources */,
			);
			buildRules = (
			);
			dependencies = (
			);
			name = SwiftMathDemo;
			packageProductDependencies = (
				4705289D2CB17CFD00018B50 /* SwiftMath */,
				470528A62CB1934800018B50 /* SwiftMath */,
				470528A92CB1938300018B50 /* SwiftMath */,
				470528AC2CB193F400018B50 /* SwiftMath */,
				470528AF2CB1944000018B50 /* SwiftMath */,
				470528B52CB1A89A00018B50 /* SwiftMath */,
				470528B82CB1B01C00018B50 /* SwiftMath */,
			);
			productName = SwiftMathDemo;
			productReference = 47D14F23297898C00072F28E /* SwiftMathDemo.app */;
			productType = "com.apple.product-type.application";
		};
/* End PBXNativeTarget section */

/* Begin PBXProject section */
		47D14F1B297898C00072F28E /* Project object */ = {
			isa = PBXProject;
			attributes = {
				BuildIndependentTargetsInParallel = 1;
				LastSwiftUpdateCheck = 1420;
				LastUpgradeCheck = 1600;
				TargetAttributes = {
					47D14F22297898C00072F28E = {
						CreatedOnToolsVersion = 14.2;
					};
				};
			};
			buildConfigurationList = 47D14F1E297898C00072F28E /* Build configuration list for PBXProject "SwiftMathDemo" */;
			compatibilityVersion = "Xcode 14.0";
			developmentRegion = en;
			hasScannedForEncodings = 0;
			knownRegions = (
				en,
				Base,
			);
			mainGroup = 47D14F1A297898C00072F28E;
			packageReferences = (
				470528B72CB1B01C00018B50 /* XCRemoteSwiftPackageReference "SwiftMath" */,
			);
			productRefGroup = 47D14F24297898C00072F28E /* Products */;
			projectDirPath = "";
			projectRoot = "";
			targets = (
				47D14F22297898C00072F28E /* SwiftMathDemo */,
			);
		};
/* End PBXProject section */

/* Begin PBXResourcesBuildPhase section */
		47D14F21297898C00072F28E /* Resources */ = {
			isa = PBXResourcesBuildPhase;
			buildActionMask = 2147483647;
			files = (
				479B9A132979F0730029C406 /* README.md in Resources */,
				479B9A182979F0C00029C406 /* iMac.png in Resources */,
				479B9A1A2979F3330029C406 /* iPhone.png in Resources */,
				479B9A152979F0910029C406 /* iPad.png in Resources */,
				47D14F2F297898C10072F28E /* Preview Assets.xcassets in Resources */,
				47D14F2B297898C10072F28E /* Assets.xcassets in Resources */,
			);
			runOnlyForDeploymentPostprocessing = 0;
		};
/* End PBXResourcesBuildPhase section */

/* Begin PBXSourcesBuildPhase section */
		47D14F1F297898C00072F28E /* Sources */ = {
			isa = PBXSourcesBuildPhase;
			buildActionMask = 2147483647;
			files = (
				47D14F29297898C00072F28E /* ContentView.swift in Sources */,
				47D14F362978994D0072F28E /* MathView.swift in Sources */,
				47D14F27297898C00072F28E /* SwiftMathDemoApp.swift in Sources */,
			);
			runOnlyForDeploymentPostprocessing = 0;
		};
/* End PBXSourcesBuildPhase section */

/* Begin XCBuildConfiguration section */
		47D14F30297898C10072F28E /* Debug */ = {
			isa = XCBuildConfiguration;
			buildSettings = {
				ALWAYS_SEARCH_USER_PATHS = NO;
				CLANG_ANALYZER_NONNULL = YES;
				CLANG_ANALYZER_NUMBER_OBJECT_CONVERSION = YES_AGGRESSIVE;
				CLANG_CXX_LANGUAGE_STANDARD = "gnu++20";
				CLANG_ENABLE_MODULES = YES;
				CLANG_ENABLE_OBJC_ARC = YES;
				CLANG_ENABLE_OBJC_WEAK = YES;
				CLANG_WARN_BLOCK_CAPTURE_AUTORELEASING = YES;
				CLANG_WARN_BOOL_CONVERSION = YES;
				CLANG_WARN_COMMA = YES;
				CLANG_WARN_CONSTANT_CONVERSION = YES;
				CLANG_WARN_DEPRECATED_OBJC_IMPLEMENTATIONS = YES;
				CLANG_WARN_DIRECT_OBJC_ISA_USAGE = YES_ERROR;
				CLANG_WARN_DOCUMENTATION_COMMENTS = YES;
				CLANG_WARN_EMPTY_BODY = YES;
				CLANG_WARN_ENUM_CONVERSION = YES;
				CLANG_WARN_INFINITE_RECURSION = YES;
				CLANG_WARN_INT_CONVERSION = YES;
				CLANG_WARN_NON_LITERAL_NULL_CONVERSION = YES;
				CLANG_WARN_OBJC_IMPLICIT_RETAIN_SELF = YES;
				CLANG_WARN_OBJC_LITERAL_CONVERSION = YES;
				CLANG_WARN_OBJC_ROOT_CLASS = YES_ERROR;
				CLANG_WARN_QUOTED_INCLUDE_IN_FRAMEWORK_HEADER = YES;
				CLANG_WARN_RANGE_LOOP_ANALYSIS = YES;
				CLANG_WARN_STRICT_PROTOTYPES = YES;
				CLANG_WARN_SUSPICIOUS_MOVE = YES;
				CLANG_WARN_UNGUARDED_AVAILABILITY = YES_AGGRESSIVE;
				CLANG_WARN_UNREACHABLE_CODE = YES;
				CLANG_WARN__DUPLICATE_METHOD_MATCH = YES;
				COPY_PHASE_STRIP = NO;
				DEAD_CODE_STRIPPING = YES;
				DEBUG_INFORMATION_FORMAT = dwarf;
				ENABLE_STRICT_OBJC_MSGSEND = YES;
				ENABLE_TESTABILITY = YES;
				ENABLE_USER_SCRIPT_SANDBOXING = YES;
				GCC_C_LANGUAGE_STANDARD = gnu11;
				GCC_DYNAMIC_NO_PIC = NO;
				GCC_NO_COMMON_BLOCKS = YES;
				GCC_OPTIMIZATION_LEVEL = 0;
				GCC_PREPROCESSOR_DEFINITIONS = (
					"DEBUG=1",
					"$(inherited)",
				);
				GCC_WARN_64_TO_32_BIT_CONVERSION = YES;
				GCC_WARN_ABOUT_RETURN_TYPE = YES_ERROR;
				GCC_WARN_UNDECLARED_SELECTOR = YES;
				GCC_WARN_UNINITIALIZED_AUTOS = YES_AGGRESSIVE;
				GCC_WARN_UNUSED_FUNCTION = YES;
				GCC_WARN_UNUSED_VARIABLE = YES;
				MTL_ENABLE_DEBUG_INFO = INCLUDE_SOURCE;
				MTL_FAST_MATH = YES;
				ONLY_ACTIVE_ARCH = YES;
				SWIFT_ACTIVE_COMPILATION_CONDITIONS = DEBUG;
				SWIFT_OPTIMIZATION_LEVEL = "-Onone";
			};
			name = Debug;
		};
		47D14F31297898C10072F28E /* Release */ = {
			isa = XCBuildConfiguration;
			buildSettings = {
				ALWAYS_SEARCH_USER_PATHS = NO;
				CLANG_ANALYZER_NONNULL = YES;
				CLANG_ANALYZER_NUMBER_OBJECT_CONVERSION = YES_AGGRESSIVE;
				CLANG_CXX_LANGUAGE_STANDARD = "gnu++20";
				CLANG_ENABLE_MODULES = YES;
				CLANG_ENABLE_OBJC_ARC = YES;
				CLANG_ENABLE_OBJC_WEAK = YES;
				CLANG_WARN_BLOCK_CAPTURE_AUTORELEASING = YES;
				CLANG_WARN_BOOL_CONVERSION = YES;
				CLANG_WARN_COMMA = YES;
				CLANG_WARN_CONSTANT_CONVERSION = YES;
				CLANG_WARN_DEPRECATED_OBJC_IMPLEMENTATIONS = YES;
				CLANG_WARN_DIRECT_OBJC_ISA_USAGE = YES_ERROR;
				CLANG_WARN_DOCUMENTATION_COMMENTS = YES;
				CLANG_WARN_EMPTY_BODY = YES;
				CLANG_WARN_ENUM_CONVERSION = YES;
				CLANG_WARN_INFINITE_RECURSION = YES;
				CLANG_WARN_INT_CONVERSION = YES;
				CLANG_WARN_NON_LITERAL_NULL_CONVERSION = YES;
				CLANG_WARN_OBJC_IMPLICIT_RETAIN_SELF = YES;
				CLANG_WARN_OBJC_LITERAL_CONVERSION = YES;
				CLANG_WARN_OBJC_ROOT_CLASS = YES_ERROR;
				CLANG_WARN_QUOTED_INCLUDE_IN_FRAMEWORK_HEADER = YES;
				CLANG_WARN_RANGE_LOOP_ANALYSIS = YES;
				CLANG_WARN_STRICT_PROTOTYPES = YES;
				CLANG_WARN_SUSPICIOUS_MOVE = YES;
				CLANG_WARN_UNGUARDED_AVAILABILITY = YES_AGGRESSIVE;
				CLANG_WARN_UNREACHABLE_CODE = YES;
				CLANG_WARN__DUPLICATE_METHOD_MATCH = YES;
				COPY_PHASE_STRIP = NO;
				DEAD_CODE_STRIPPING = YES;
				DEBUG_INFORMATION_FORMAT = "dwarf-with-dsym";
				ENABLE_NS_ASSERTIONS = NO;
				ENABLE_STRICT_OBJC_MSGSEND = YES;
				ENABLE_USER_SCRIPT_SANDBOXING = YES;
				GCC_C_LANGUAGE_STANDARD = gnu11;
				GCC_NO_COMMON_BLOCKS = YES;
				GCC_WARN_64_TO_32_BIT_CONVERSION = YES;
				GCC_WARN_ABOUT_RETURN_TYPE = YES_ERROR;
				GCC_WARN_UNDECLARED_SELECTOR = YES;
				GCC_WARN_UNINITIALIZED_AUTOS = YES_AGGRESSIVE;
				GCC_WARN_UNUSED_FUNCTION = YES;
				GCC_WARN_UNUSED_VARIABLE = YES;
				MTL_ENABLE_DEBUG_INFO = NO;
				MTL_FAST_MATH = YES;
				SWIFT_COMPILATION_MODE = wholemodule;
				SWIFT_OPTIMIZATION_LEVEL = "-O";
			};
			name = Release;
		};
		47D14F33297898C10072F28E /* Debug */ = {
			isa = XCBuildConfiguration;
			buildSettings = {
				ASSETCATALOG_COMPILER_APPICON_NAME = AppIcon;
				ASSETCATALOG_COMPILER_GLOBAL_ACCENT_COLOR_NAME = AccentColor;
				CODE_SIGN_ENTITLEMENTS = SwiftMathDemo/SwiftMathDemo.entitlements;
				CODE_SIGN_STYLE = Automatic;
				CURRENT_PROJECT_VERSION = 1;
				DEAD_CODE_STRIPPING = YES;
				DEVELOPMENT_ASSET_PATHS = "\"SwiftMathDemo/Preview Content\"";
				DEVELOPMENT_TEAM = 6389FT2N69;
				ENABLE_HARDENED_RUNTIME = YES;
				ENABLE_PREVIEWS = YES;
				GENERATE_INFOPLIST_FILE = YES;
				"INFOPLIST_KEY_UIApplicationSceneManifest_Generation[sdk=iphoneos*]" = YES;
				"INFOPLIST_KEY_UIApplicationSceneManifest_Generation[sdk=iphonesimulator*]" = YES;
				"INFOPLIST_KEY_UIApplicationSupportsIndirectInputEvents[sdk=iphoneos*]" = YES;
				"INFOPLIST_KEY_UIApplicationSupportsIndirectInputEvents[sdk=iphonesimulator*]" = YES;
				"INFOPLIST_KEY_UILaunchScreen_Generation[sdk=iphoneos*]" = YES;
				"INFOPLIST_KEY_UILaunchScreen_Generation[sdk=iphonesimulator*]" = YES;
				"INFOPLIST_KEY_UIStatusBarStyle[sdk=iphoneos*]" = UIStatusBarStyleDefault;
				"INFOPLIST_KEY_UIStatusBarStyle[sdk=iphonesimulator*]" = UIStatusBarStyleDefault;
				INFOPLIST_KEY_UISupportedInterfaceOrientations_iPad = "UIInterfaceOrientationPortrait UIInterfaceOrientationPortraitUpsideDown UIInterfaceOrientationLandscapeLeft UIInterfaceOrientationLandscapeRight";
				INFOPLIST_KEY_UISupportedInterfaceOrientations_iPhone = "UIInterfaceOrientationPortrait UIInterfaceOrientationLandscapeLeft UIInterfaceOrientationLandscapeRight";
				IPHONEOS_DEPLOYMENT_TARGET = 15.6;
				LD_RUNPATH_SEARCH_PATHS = "@executable_path/Frameworks";
				"LD_RUNPATH_SEARCH_PATHS[sdk=macosx*]" = "@executable_path/../Frameworks";
				MACOSX_DEPLOYMENT_TARGET = 12.4;
				MARKETING_VERSION = 1.0;
				PRODUCT_BUNDLE_IDENTIFIER = "com.c-inspirations.SwiftMathDemo";
				PRODUCT_NAME = "$(TARGET_NAME)";
				SDKROOT = auto;
				SUPPORTED_PLATFORMS = "iphoneos iphonesimulator macosx";
				SWIFT_EMIT_LOC_STRINGS = YES;
				SWIFT_VERSION = 5.0;
				TARGETED_DEVICE_FAMILY = "1,2";
			};
			name = Debug;
		};
		47D14F34297898C10072F28E /* Release */ = {
			isa = XCBuildConfiguration;
			buildSettings = {
				ASSETCATALOG_COMPILER_APPICON_NAME = AppIcon;
				ASSETCATALOG_COMPILER_GLOBAL_ACCENT_COLOR_NAME = AccentColor;
				CODE_SIGN_ENTITLEMENTS = SwiftMathDemo/SwiftMathDemo.entitlements;
				CODE_SIGN_STYLE = Automatic;
				CURRENT_PROJECT_VERSION = 1;
				DEAD_CODE_STRIPPING = YES;
				DEVELOPMENT_ASSET_PATHS = "\"SwiftMathDemo/Preview Content\"";
				DEVELOPMENT_TEAM = 6389FT2N69;
				ENABLE_HARDENED_RUNTIME = YES;
				ENABLE_PREVIEWS = YES;
				GENERATE_INFOPLIST_FILE = YES;
				"INFOPLIST_KEY_UIApplicationSceneManifest_Generation[sdk=iphoneos*]" = YES;
				"INFOPLIST_KEY_UIApplicationSceneManifest_Generation[sdk=iphonesimulator*]" = YES;
				"INFOPLIST_KEY_UIApplicationSupportsIndirectInputEvents[sdk=iphoneos*]" = YES;
				"INFOPLIST_KEY_UIApplicationSupportsIndirectInputEvents[sdk=iphonesimulator*]" = YES;
				"INFOPLIST_KEY_UILaunchScreen_Generation[sdk=iphoneos*]" = YES;
				"INFOPLIST_KEY_UILaunchScreen_Generation[sdk=iphonesimulator*]" = YES;
				"INFOPLIST_KEY_UIStatusBarStyle[sdk=iphoneos*]" = UIStatusBarStyleDefault;
				"INFOPLIST_KEY_UIStatusBarStyle[sdk=iphonesimulator*]" = UIStatusBarStyleDefault;
				INFOPLIST_KEY_UISupportedInterfaceOrientations_iPad = "UIInterfaceOrientationPortrait UIInterfaceOrientationPortraitUpsideDown UIInterfaceOrientationLandscapeLeft UIInterfaceOrientationLandscapeRight";
				INFOPLIST_KEY_UISupportedInterfaceOrientations_iPhone = "UIInterfaceOrientationPortrait UIInterfaceOrientationLandscapeLeft UIInterfaceOrientationLandscapeRight";
				IPHONEOS_DEPLOYMENT_TARGET = 15.6;
				LD_RUNPATH_SEARCH_PATHS = "@executable_path/Frameworks";
				"LD_RUNPATH_SEARCH_PATHS[sdk=macosx*]" = "@executable_path/../Frameworks";
				MACOSX_DEPLOYMENT_TARGET = 12.4;
				MARKETING_VERSION = 1.0;
				PRODUCT_BUNDLE_IDENTIFIER = "com.c-inspirations.SwiftMathDemo";
				PRODUCT_NAME = "$(TARGET_NAME)";
				SDKROOT = auto;
				SUPPORTED_PLATFORMS = "iphoneos iphonesimulator macosx";
				SWIFT_EMIT_LOC_STRINGS = YES;
				SWIFT_VERSION = 5.0;
				TARGETED_DEVICE_FAMILY = "1,2";
			};
			name = Release;
		};
/* End XCBuildConfiguration section */

/* Begin XCConfigurationList section */
		47D14F1E297898C00072F28E /* Build configuration list for PBXProject "SwiftMathDemo" */ = {
			isa = XCConfigurationList;
			buildConfigurations = (
				47D14F30297898C10072F28E /* Debug */,
				47D14F31297898C10072F28E /* Release */,
			);
			defaultConfigurationIsVisible = 0;
			defaultConfigurationName = Release;
		};
		47D14F32297898C10072F28E /* Build configuration list for PBXNativeTarget "SwiftMathDemo" */ = {
			isa = XCConfigurationList;
			buildConfigurations = (
				47D14F33297898C10072F28E /* Debug */,
				47D14F34297898C10072F28E /* Release */,
			);
			defaultConfigurationIsVisible = 0;
			defaultConfigurationName = Release;
		};
/* End XCConfigurationList section */

/* Begin XCRemoteSwiftPackageReference section */
		470528B72CB1B01C00018B50 /* XCRemoteSwiftPackageReference "SwiftMath" */ = {
			isa = XCRemoteSwiftPackageReference;
			repositoryURL = "https://github.com/mgriebling/SwiftMath.git";
			requirement = {
				kind = upToNextMajorVersion;
				minimumVersion = 1.4.0;
			};
		};
/* End XCRemoteSwiftPackageReference section */

/* Begin XCSwiftPackageProductDependency section */
		4705289D2CB17CFD00018B50 /* SwiftMath */ = {
			isa = XCSwiftPackageProductDependency;
			productName = SwiftMath;
		};
		470528A62CB1934800018B50 /* SwiftMath */ = {
			isa = XCSwiftPackageProductDependency;
			productName = SwiftMath;
		};
		470528A92CB1938300018B50 /* SwiftMath */ = {
			isa = XCSwiftPackageProductDependency;
			productName = SwiftMath;
		};
		470528AC2CB193F400018B50 /* SwiftMath */ = {
			isa = XCSwiftPackageProductDependency;
			productName = SwiftMath;
		};
		470528AF2CB1944000018B50 /* SwiftMath */ = {
			isa = XCSwiftPackageProductDependency;
			productName = SwiftMath;
		};
		470528B52CB1A89A00018B50 /* SwiftMath */ = {
			isa = XCSwiftPackageProductDependency;
			productName = SwiftMath;
		};
		470528B82CB1B01C00018B50 /* SwiftMath */ = {
			isa = XCSwiftPackageProductDependency;
			package = 470528B72CB1B01C00018B50 /* XCRemoteSwiftPackageReference "SwiftMath" */;
			productName = SwiftMath;
		};
/* End XCSwiftPackageProductDependency section */
	};
	rootObject = 47D14F1B297898C00072F28E /* Project object */;
}
